# This file is automatically @generated by Cargo.
# It is not intended for manual editing.
version = 4

[[package]]
name = "cino-cli"
version = "0.1.0"
dependencies = [
 "cino-runtime",
]

[[package]]
name = "cino-ir"
version = "0.1.0"
dependencies = [
 "cino-sema",
 "cino-syntax",
]

[[package]]
name = "cino-runtime"
version = "0.1.0"
dependencies = [
 "cino-vm",
]

[[package]]
name = "cino-sema"
version = "0.1.0"
dependencies = [
 "cino-syntax",
]

[[package]]
name = "cino-syntax"
version = "0.1.0"

[[package]]
name = "cino-vm"
version = "0.1.0"
dependencies = [
 "cino-ir",
]
